
Microsoft Visual Studio Solution File, Format Version 12.00
# Visual Studio Version 16
VisualStudioVersion = 16.0.30717.126
MinimumVisualStudioVersion = 10.0.40219.1
Project("{FAE04EC0-301F-11D3-BF4B-00C04F79EFBC}") = "NETlab1", "NETlab1\NETlab1.csproj", "{BA922297-9475-4C5B-AF93-7798C91D3200}"
EndProject
Global
	GlobalSection(SolutionConfigurationPlatforms) = preSolution
		Debug|Any CPU = Debug|Any CPU
		Release|Any CPU = Release|Any CPU
	EndGlobalSection
	GlobalSection(ProjectConfigurationPlatforms) = postSolution
		{BA922297-9475-4C5B-AF93-7798C91D3200}.Debug|Any CPU.ActiveCfg = Debug|Any CPU
		{BA922297-9475-4C5B-AF93-7798C91D3200}.Debug|Any CPU.Build.0 = Debug|Any CPU
		{BA922297-9475-4C5B-AF93-7798C91D3200}.Release|Any CPU.ActiveCfg = Release|Any CPU
		{BA922297-9475-4C5B-AF93-7798C91D3200}.Release|Any CPU.Build.0 = Release|Any CPU
	EndGlobalSection
	GlobalSection(SolutionProperties) = preSolution
		HideSolutionNode = FALSE
	EndGlobalSection
	GlobalSection(ExtensibilityGlobals) = postSolution
		SolutionGuid = {5EBD9F46-6B6D-4F80-91C4-82FB2A52C2D8}
	EndGlobalSection
EndGlobal
